// !$*UTF8*$!
{
	archiveVersion = 1;
	classes = {
	};
	objectVersion = 77;
	objects = {

/* Begin PBXContainerItemProxy section */
		DBBFF53C2CE08B86006EBBD4 /* PBXContainerItemProxy */ = {
			isa = PBXContainerItemProxy;
			containerPortal = DBBFF5232CE08B85006EBBD4 /* Project object */;
			proxyType = 1;
			remoteGlobalIDString = DBBFF52A2CE08B85006EBBD4;
			remoteInfo = "Calculator iOS";
		};
		DBBFF5462CE08B86006EBBD4 /* PBXContainerItemProxy */ = {
			isa = PBXContainerItemProxy;
			containerPortal = DBBFF5232CE08B85006EBBD4 /* Project object */;
			proxyType = 1;
			remoteGlobalIDString = DBBFF52A2CE08B85006EBBD4;
			remoteInfo = "Calculator iOS";
		};
/* End PBXContainerItemProxy section */

/* Begin PBXFileReference section */
		DBBFF52B2CE08B85006EBBD4 /* Calculator iOS.app */ = {isa = PBXFileReference; explicitFileType = wrapper.application; includeInIndex = 0; path = "Calculator iOS.app"; sourceTree = BUILT_PRODUCTS_DIR; };
		DBBFF53B2CE08B86006EBBD4 /* Calculator iOSTests.xctest */ = {isa = PBXFileReference; explicitFileType = wrapper.cfbundle; includeInIndex = 0; path = "Calculator iOSTests.xctest"; sourceTree = BUILT_PRODUCTS_DIR; };
		DBBFF5452CE08B86006EBBD4 /* Calculator iOSUITests.xctest */ = {isa = PBXFileReference; explicitFileType = wrapper.cfbundle; includeInIndex = 0; path = "Calculator iOSUITests.xctest"; sourceTree = BUILT_PRODUCTS_DIR; };
/* End PBXFileReference section */

/* Begin PBXFileSystemSynchronizedRootGroup section */
		DBBFF52D2CE08B85006EBBD4 /* Calculator iOS */ = {
			isa = PBXFileSystemSynchronizedRootGroup;
			path = "Calculator iOS";
			sourceTree = "<group>";
		};
		DBBFF53E2CE08B86006EBBD4 /* Calculator iOSTests */ = {
			isa = PBXFileSystemSynchronizedRootGroup;
			path = "Calculator iOSTests";
			sourceTree = "<group>";
		};
		DBBFF5482CE08B86006EBBD4 /* Calculator iOSUITests */ = {
			isa = PBXFileSystemSynchronizedRootGroup;
			path = "Calculator iOSUITests";
			sourceTree = "<group>";
		};
/* End PBXFileSystemSynchronizedRootGroup section */

/* Begin PBXFrameworksBuildPhase section */
		DBBFF5282CE08B85006EBBD4 /* Frameworks */ = {
			isa = PBXFrameworksBuildPhase;
			buildActionMask = 2147483647;
			files = (
			);
			runOnlyForDeploymentPostprocessing = 0;
		};
		DBBFF5382CE08B86006EBBD4 /* Frameworks */ = {
			isa = PBXFrameworksBuildPhase;
			buildActionMask = 2147483647;
			files = (
			);
			runOnlyForDeploymentPostprocessing = 0;
		};
		DBBFF5422CE08B86006EBBD4 /* Frameworks */ = {
			isa = PBXFrameworksBuildPhase;
			buildActionMask = 2147483647;
			files = (
			);
			runOnlyForDeploymentPostprocessing = 0;
		};
/* End PBXFrameworksBuildPhase section */

/* Begin PBXGroup section */
		DBBFF5222CE08B85006EBBD4 = {
			isa = PBXGroup;
			children = (
				DBBFF52D2CE08B85006EBBD4 /* Calculator iOS */,
				DBBFF53E2CE08B86006EBBD4 /* Calculator iOSTests */,
				DBBFF5482CE08B86006EBBD4 /* Calculator iOSUITests */,
				DBBFF52C2CE08B85006EBBD4 /* Products */,
			);
			sourceTree = "<group>";
		};
		DBBFF52C2CE08B85006EBBD4 /* Products */ = {
			isa = PBXGroup;
			children = (
				DBBFF52B2CE08B85006EBBD4 /* Calculator iOS.app */,
				DBBFF53B2CE08B86006EBBD4 /* Calculator iOSTests.xctest */,
				DBBFF5452CE08B86006EBBD4 /* Calculator iOSUITests.xctest */,
			);
			name = Products;
			sourceTree = "<group>";
		};
/* End PBXGroup section */

/* Begin PBXNativeTarget section */
		DBBFF52A2CE08B85006EBBD4 /* Calculator iOS */ = {
			isa = PBXNativeTarget;
			buildConfigurationList = DBBFF54F2CE08B86006EBBD4 /* Build configuration list for PBXNativeTarget "Calculator iOS" */;
			buildPhases = (
				DBBFF5272CE08B85006EBBD4 /* Sources */,
				DBBFF5282CE08B85006EBBD4 /* Frameworks */,
				DBBFF5292CE08B85006EBBD4 /* Resources */,
			);
			buildRules = (
			);
			dependencies = (
			);
			fileSystemSynchronizedGroups = (
				DBBFF52D2CE08B85006EBBD4 /* Calculator iOS */,
			);
			name = "Calculator iOS";
			packageProductDependencies = (
			);
			productName = "Calculator iOS";
			productReference = DBBFF52B2CE08B85006EBBD4 /* Calculator iOS.app */;
			productType = "com.apple.product-type.application";
		};
		DBBFF53A2CE08B86006EBBD4 /* Calculator iOSTests */ = {
			isa = PBXNativeTarget;
			buildConfigurationList = DBBFF5522CE08B86006EBBD4 /* Build configuration list for PBXNativeTarget "Calculator iOSTests" */;
			buildPhases = (
				DBBFF5372CE08B86006EBBD4 /* Sources */,
				DBBFF5382CE08B86006EBBD4 /* Frameworks */,
				DBBFF5392CE08B86006EBBD4 /* Resources */,
			);
			buildRules = (
			);
			dependencies = (
				DBBFF53D2CE08B86006EBBD4 /* PBXTargetDependency */,
			);
			fileSystemSynchronizedGroups = (
				DBBFF53E2CE08B86006EBBD4 /* Calculator iOSTests */,
			);
			name = "Calculator iOSTests";
			packageProductDependencies = (
			);
			productName = "Calculator iOSTests";
			productReference = DBBFF53B2CE08B86006EBBD4 /* Calculator iOSTests.xctest */;
			productType = "com.apple.product-type.bundle.unit-test";
		};
		DBBFF5442CE08B86006EBBD4 /* Calculator iOSUITests */ = {
			isa = PBXNativeTarget;
			buildConfigurationList = DBBFF5552CE08B86006EBBD4 /* Build configuration list for PBXNativeTarget "Calculator iOSUITests" */;
			buildPhases = (
				DBBFF5412CE08B86006EBBD4 /* Sources */,
				DBBFF5422CE08B86006EBBD4 /* Frameworks */,
				DBBFF5432CE08B86006EBBD4 /* Resources */,
			);
			buildRules = (
			);
			dependencies = (
				DBBFF5472CE08B86006EBBD4 /* PBXTargetDependency */,
			);
			fileSystemSynchronizedGroups = (
				DBBFF5482CE08B86006EBBD4 /* Calculator iOSUITests */,
			);
			name = "Calculator iOSUITests";
			packageProductDependencies = (
			);
			productName = "Calculator iOSUITests";
			productReference = DBBFF5452CE08B86006EBBD4 /* Calculator iOSUITests.xctest */;
			productType = "com.apple.product-type.bundle.ui-testing";
		};
/* End PBXNativeTarget section */

/* Begin PBXProject section */
		DBBFF5232CE08B85006EBBD4 /* Project object */ = {
			isa = PBXProject;
			attributes = {
				BuildIndependentTargetsInParallel = 1;
				LastSwiftUpdateCheck = 1600;
				LastUpgradeCheck = 1600;
				TargetAttributes = {
					DBBFF52A2CE08B85006EBBD4 = {
						CreatedOnToolsVersion = 16.0;
					};
					DBBFF53A2CE08B86006EBBD4 = {
						CreatedOnToolsVersion = 16.0;
						TestTargetID = DBBFF52A2CE08B85006EBBD4;
					};
					DBBFF5442CE08B86006EBBD4 = {
						CreatedOnToolsVersion = 16.0;
						TestTargetID = DBBFF52A2CE08B85006EBBD4;
					};
				};
			};
			buildConfigurationList = DBBFF5262CE08B85006EBBD4 /* Build configuration list for PBXProject "Calculator iOS" */;
			developmentRegion = en;
			hasScannedForEncodings = 0;
			knownRegions = (
				en,
				Base,
			);
			mainGroup = DBBFF5222CE08B85006EBBD4;
			minimizedProjectReferenceProxies = 1;
			preferredProjectObjectVersion = 77;
			productRefGroup = DBBFF52C2CE08B85006EBBD4 /* Products */;
			projectDirPath = "";
			projectRoot = "";
			targets = (
				DBBFF52A2CE08B85006EBBD4 /* Calculator iOS */,
				DBBFF53A2CE08B86006EBBD4 /* Calculator iOSTests */,
				DBBFF5442CE08B86006EBBD4 /* Calculator iOSUITests */,
			);
		};
/* End PBXProject section */

/* Begin PBXResourcesBuildPhase section */
		DBBFF5292CE08B85006EBBD4 /* Resources */ = {
			isa = PBXResourcesBuildPhase;
			buildActionMask = 2147483647;
			files = (
			);
			runOnlyForDeploymentPostprocessing = 0;
		};
		DBBFF5392CE08B86006EBBD4 /* Resources */ = {
			isa = PBXResourcesBuildPhase;
			buildActionMask = 2147483647;
			files = (
			);
			runOnlyForDeploymentPostprocessing = 0;
		};
		DBBFF5432CE08B86006EBBD4 /* Resources */ = {
			isa = PBXResourcesBuildPhase;
			buildActionMask = 2147483647;
			files = (
			);
			runOnlyForDeploymentPostprocessing = 0;
		};
/* End PBXResourcesBuildPhase section */

/* Begin PBXSourcesBuildPhase section */
		DBBFF5272CE08B85006EBBD4 /* Sources */ = {
			isa = PBXSourcesBuildPhase;
			buildActionMask = 2147483647;
			files = (
			);
			runOnlyForDeploymentPostprocessing = 0;
		};
		DBBFF5372CE08B86006EBBD4 /* Sources */ = {
			isa = PBXSourcesBuildPhase;
			buildActionMask = 2147483647;
			files = (
			);
			runOnlyForDeploymentPostprocessing = 0;
		};
		DBBFF5412CE08B86006EBBD4 /* Sources */ = {
			isa = PBXSourcesBuildPhase;
			buildActionMask = 2147483647;
			files = (
			);
			runOnlyForDeploymentPostprocessing = 0;
		};
/* End PBXSourcesBuildPhase section */

/* Begin PBXTargetDependency section */
		DBBFF53D2CE08B86006EBBD4 /* PBXTargetDependency */ = {
			isa = PBXTargetDependency;
			target = DBBFF52A2CE08B85006EBBD4 /* Calculator iOS */;
			targetProxy = DBBFF53C2CE08B86006EBBD4 /* PBXContainerItemProxy */;
		};
		DBBFF5472CE08B86006EBBD4 /* PBXTargetDependency */ = {
			isa = PBXTargetDependency;
			target = DBBFF52A2CE08B85006EBBD4 /* Calculator iOS */;
			targetProxy = DBBFF5462CE08B86006EBBD4 /* PBXContainerItemProxy */;
		};
/* End PBXTargetDependency section */

/* Begin XCBuildConfiguration section */
		DBBFF54D2CE08B86006EBBD4 /* Debug */ = {
			isa = XCBuildConfiguration;
			buildSettings = {
				ALWAYS_SEARCH_USER_PATHS = NO;
				ASSETCATALOG_COMPILER_GENERATE_SWIFT_ASSET_SYMBOL_EXTENSIONS = YES;
				CLANG_ANALYZER_NONNULL = YES;
				CLANG_ANALYZER_NUMBER_OBJECT_CONVERSION = YES_AGGRESSIVE;
				CLANG_CXX_LANGUAGE_STANDARD = "gnu++20";
				CLANG_ENABLE_MODULES = YES;
				CLANG_ENABLE_OBJC_ARC = YES;
				CLANG_ENABLE_OBJC_WEAK = YES;
				CLANG_WARN_BLOCK_CAPTURE_AUTORELEASING = YES;
				CLANG_WARN_BOOL_CONVERSION = YES;
				CLANG_WARN_COMMA = YES;
				CLANG_WARN_CONSTANT_CONVERSION = YES;
				CLANG_WARN_DEPRECATED_OBJC_IMPLEMENTATIONS = YES;
				CLANG_WARN_DIRECT_OBJC_ISA_USAGE = YES_ERROR;
				CLANG_WARN_DOCUMENTATION_COMMENTS = YES;
				CLANG_WARN_EMPTY_BODY = YES;
				CLANG_WARN_ENUM_CONVERSION = YES;
				CLANG_WARN_INFINITE_RECURSION = YES;
				CLANG_WARN_INT_CONVERSION = YES;
				CLANG_WARN_NON_LITERAL_NULL_CONVERSION = YES;
				CLANG_WARN_OBJC_IMPLICIT_RETAIN_SELF = YES;
				CLANG_WARN_OBJC_LITERAL_CONVERSION = YES;
				CLANG_WARN_OBJC_ROOT_CLASS = YES_ERROR;
				CLANG_WARN_QUOTED_INCLUDE_IN_FRAMEWORK_HEADER = YES;
				CLANG_WARN_RANGE_LOOP_ANALYSIS = YES;
				CLANG_WARN_STRICT_PROTOTYPES = YES;
				CLANG_WARN_SUSPICIOUS_MOVE = YES;
				CLANG_WARN_UNGUARDED_AVAILABILITY = YES_AGGRESSIVE;
				CLANG_WARN_UNREACHABLE_CODE = YES;
				CLANG_WARN__DUPLICATE_METHOD_MATCH = YES;
				COPY_PHASE_STRIP = NO;
				DEBUG_INFORMATION_FORMAT = dwarf;
				ENABLE_STRICT_OBJC_MSGSEND = YES;
				ENABLE_TESTABILITY = YES;
				ENABLE_USER_SCRIPT_SANDBOXING = YES;
				GCC_C_LANGUAGE_STANDARD = gnu17;
				GCC_DYNAMIC_NO_PIC = NO;
				GCC_NO_COMMON_BLOCKS = YES;
				GCC_OPTIMIZATION_LEVEL = 0;
				GCC_PREPROCESSOR_DEFINITIONS = (
					"DEBUG=1",
					"$(inherited)",
				);
				GCC_WARN_64_TO_32_BIT_CONVERSION = YES;
				GCC_WARN_ABOUT_RETURN_TYPE = YES_ERROR;
				GCC_WARN_UNDECLARED_SELECTOR = YES;
				GCC_WARN_UNINITIALIZED_AUTOS = YES_AGGRESSIVE;
				GCC_WARN_UNUSED_FUNCTION = YES;
				GCC_WARN_UNUSED_VARIABLE = YES;
				IPHONEOS_DEPLOYMENT_TARGET = 18.0;
				LOCALIZATION_PREFERS_STRING_CATALOGS = YES;
				MTL_ENABLE_DEBUG_INFO = INCLUDE_SOURCE;
				MTL_FAST_MATH = YES;
				ONLY_ACTIVE_ARCH = YES;
				SDKROOT = iphoneos;
				SWIFT_ACTIVE_COMPILATION_CONDITIONS = "DEBUG $(inherited)";
				SWIFT_OPTIMIZATION_LEVEL = "-Onone";
			};
			name = Debug;
		};
		DBBFF54E2CE08B86006EBBD4 /* Release */ = {
			isa = XCBuildConfiguration;
			buildSettings = {
				ALWAYS_SEARCH_USER_PATHS = NO;
				ASSETCATALOG_COMPILER_GENERATE_SWIFT_ASSET_SYMBOL_EXTENSIONS = YES;
				CLANG_ANALYZER_NONNULL = YES;
				CLANG_ANALYZER_NUMBER_OBJECT_CONVERSION = YES_AGGRESSIVE;
				CLANG_CXX_LANGUAGE_STANDARD = "gnu++20";
				CLANG_ENABLE_MODULES = YES;
				CLANG_ENABLE_OBJC_ARC = YES;
				CLANG_ENABLE_OBJC_WEAK = YES;
				CLANG_WARN_BLOCK_CAPTURE_AUTORELEASING = YES;
				CLANG_WARN_BOOL_CONVERSION = YES;
				CLANG_WARN_COMMA = YES;
				CLANG_WARN_CONSTANT_CONVERSION = YES;
				CLANG_WARN_DEPRECATED_OBJC_IMPLEMENTATIONS = YES;
				CLANG_WARN_DIRECT_OBJC_ISA_USAGE = YES_ERROR;
				CLANG_WARN_DOCUMENTATION_COMMENTS = YES;
				CLANG_WARN_EMPTY_BODY = YES;
				CLANG_WARN_ENUM_CONVERSION = YES;
				CLANG_WARN_INFINITE_RECURSION = YES;
				CLANG_WARN_INT_CONVERSION = YES;
				CLANG_WARN_NON_LITERAL_NULL_CONVERSION = YES;
				CLANG_WARN_OBJC_IMPLICIT_RETAIN_SELF = YES;
				CLANG_WARN_OBJC_LITERAL_CONVERSION = YES;
				CLANG_WARN_OBJC_ROOT_CLASS = YES_ERROR;
				CLANG_WARN_QUOTED_INCLUDE_IN_FRAMEWORK_HEADER = YES;
				CLANG_WARN_RANGE_LOOP_ANALYSIS = YES;
				CLANG_WARN_STRICT_PROTOTYPES = YES;
				CLANG_WARN_SUSPICIOUS_MOVE = YES;
				CLANG_WARN_UNGUARDED_AVAILABILITY = YES_AGGRESSIVE;
				CLANG_WARN_UNREACHABLE_CODE = YES;
				CLANG_WARN__DUPLICATE_METHOD_MATCH = YES;
				COPY_PHASE_STRIP = NO;
				DEBUG_INFORMATION_FORMAT = "dwarf-with-dsym";
				ENABLE_NS_ASSERTIONS = NO;
				ENABLE_STRICT_OBJC_MSGSEND = YES;
				ENABLE_USER_SCRIPT_SANDBOXING = YES;
				GCC_C_LANGUAGE_STANDARD = gnu17;
				GCC_NO_COMMON_BLOCKS = YES;
				GCC_WARN_64_TO_32_BIT_CONVERSION = YES;
				GCC_WARN_ABOUT_RETURN_TYPE = YES_ERROR;
				GCC_WARN_UNDECLARED_SELECTOR = YES;
				GCC_WARN_UNINITIALIZED_AUTOS = YES_AGGRESSIVE;
				GCC_WARN_UNUSED_FUNCTION = YES;
				GCC_WARN_UNUSED_VARIABLE = YES;
				IPHONEOS_DEPLOYMENT_TARGET = 18.0;
				LOCALIZATION_PREFERS_STRING_CATALOGS = YES;
				MTL_ENABLE_DEBUG_INFO = NO;
				MTL_FAST_MATH = YES;
				SDKROOT = iphoneos;
				SWIFT_COMPILATION_MODE = wholemodule;
				VALIDATE_PRODUCT = YES;
			};
			name = Release;
		};
		DBBFF5502CE08B86006EBBD4 /* Debug */ = {
			isa = XCBuildConfiguration;
			buildSettings = {
				ASSETCATALOG_COMPILER_APPICON_NAME = AppIcon;
				ASSETCATALOG_COMPILER_GLOBAL_ACCENT_COLOR_NAME = AccentColor;
				CODE_SIGN_IDENTITY = "Apple Development";
				CODE_SIGN_STYLE = Automatic;
				CURRENT_PROJECT_VERSION = 1;
				DEVELOPMENT_ASSET_PATHS = "\"Calculator iOS/Preview Content\"";
				DEVELOPMENT_TEAM = 438T7YBU9N;
				ENABLE_PREVIEWS = YES;
				GENERATE_INFOPLIST_FILE = YES;
				INFOPLIST_KEY_UIApplicationSceneManifest_Generation = YES;
				INFOPLIST_KEY_UIApplicationSupportsIndirectInputEvents = YES;
				INFOPLIST_KEY_UILaunchScreen_Generation = YES;
				INFOPLIST_KEY_UISupportedInterfaceOrientations_iPad = "UIInterfaceOrientationPortrait UIInterfaceOrientationPortraitUpsideDown UIInterfaceOrientationLandscapeLeft UIInterfaceOrientationLandscapeRight";
				INFOPLIST_KEY_UISupportedInterfaceOrientations_iPhone = "UIInterfaceOrientationPortrait UIInterfaceOrientationLandscapeLeft UIInterfaceOrientationLandscapeRight";
				IPHONEOS_DEPLOYMENT_TARGET = 17.6;
				LD_RUNPATH_SEARCH_PATHS = (
					"$(inherited)",
					"@executable_path/Frameworks",
				);
				MARKETING_VERSION = 1.0;
				PRODUCT_BUNDLE_IDENTIFIER = e.mikhaylov.testTests;
				PRODUCT_NAME = "$(TARGET_NAME)";
				PROVISIONING_PROFILE_SPECIFIER = "";
				SWIFT_EMIT_LOC_STRINGS = YES;
				SWIFT_VERSION = 5.0;
				TARGETED_DEVICE_FAMILY = "1,2";
			};
			name = Debug;
		};
		DBBFF5512CE08B86006EBBD4 /* Release */ = {
			isa = XCBuildConfiguration;
			buildSettings = {
				ASSETCATALOG_COMPILER_APPICON_NAME = AppIcon;
				ASSETCATALOG_COMPILER_GLOBAL_ACCENT_COLOR_NAME = AccentColor;
				CODE_SIGN_STYLE = Automatic;
				CURRENT_PROJECT_VERSION = 1;
				DEVELOPMENT_ASSET_PATHS = "\"Calculator iOS/Preview Content\"";
				DEVELOPMENT_TEAM = 438T7YBU9N;
				ENABLE_PREVIEWS = YES;
				GENERATE_INFOPLIST_FILE = YES;
				INFOPLIST_KEY_UIApplicationSceneManifest_Generation = YES;
				INFOPLIST_KEY_UIApplicationSupportsIndirectInputEvents = YES;
				INFOPLIST_KEY_UILaunchScreen_Generation = YES;
				INFOPLIST_KEY_UISupportedInterfaceOrientations_iPad = "UIInterfaceOrientationPortrait UIInterfaceOrientationPortraitUpsideDown UIInterfaceOrientationLandscapeLeft UIInterfaceOrientationLandscapeRight";
				INFOPLIST_KEY_UISupportedInterfaceOrientations_iPhone = "UIInterfaceOrientationPortrait UIInterfaceOrientationLandscapeLeft UIInterfaceOrientationLandscapeRight";
				IPHONEOS_DEPLOYMENT_TARGET = 17.6;
				LD_RUNPATH_SEARCH_PATHS = (
					"$(inherited)",
					"@executable_path/Frameworks",
				);
				MARKETING_VERSION = 1.0;
				PRODUCT_BUNDLE_IDENTIFIER = e.mikhaylov.testTests;
				PRODUCT_NAME = "$(TARGET_NAME)";
				SWIFT_EMIT_LOC_STRINGS = YES;
				SWIFT_VERSION = 5.0;
				TARGETED_DEVICE_FAMILY = "1,2";
			};
			name = Release;
		};
		DBBFF5532CE08B86006EBBD4 /* Debug */ = {
			isa = XCBuildConfiguration;
			buildSettings = {
				BUNDLE_LOADER = "$(TEST_HOST)";
				CODE_SIGN_STYLE = Automatic;
				CURRENT_PROJECT_VERSION = 1;
				DEVELOPMENT_TEAM = 438T7YBU9N;
				GENERATE_INFOPLIST_FILE = YES;
				IPHONEOS_DEPLOYMENT_TARGET = 18.0;
				MARKETING_VERSION = 1.0;
				PRODUCT_BUNDLE_IDENTIFIER = e.mikhaylov.testTests;
				PRODUCT_NAME = "$(TARGET_NAME)";
				SWIFT_EMIT_LOC_STRINGS = NO;
				SWIFT_VERSION = 5.0;
				TARGETED_DEVICE_FAMILY = "1,2";
				TEST_HOST = "$(BUILT_PRODUCTS_DIR)/Calculator iOS.app/$(BUNDLE_EXECUTABLE_FOLDER_PATH)/Calculator iOS";
			};
			name = Debug;
		};
		DBBFF5542CE08B86006EBBD4 /* Release */ = {
			isa = XCBuildConfiguration;
			buildSettings = {
				BUNDLE_LOADER = "$(TEST_HOST)";
				CODE_SIGN_STYLE = Automatic;
				CURRENT_PROJECT_VERSION = 1;
				DEVELOPMENT_TEAM = 438T7YBU9N;
				GENERATE_INFOPLIST_FILE = YES;
				IPHONEOS_DEPLOYMENT_TARGET = 18.0;
				MARKETING_VERSION = 1.0;
				PRODUCT_BUNDLE_IDENTIFIER = e.mikhaylov.testTests;
				PRODUCT_NAME = "$(TARGET_NAME)";
				SWIFT_EMIT_LOC_STRINGS = NO;
				SWIFT_VERSION = 5.0;
				TARGETED_DEVICE_FAMILY = "1,2";
				TEST_HOST = "$(BUILT_PRODUCTS_DIR)/Calculator iOS.app/$(BUNDLE_EXECUTABLE_FOLDER_PATH)/Calculator iOS";
			};
			name = Release;
		};
		DBBFF5562CE08B86006EBBD4 /* Debug */ = {
			isa = XCBuildConfiguration;
			buildSettings = {
				CODE_SIGN_STYLE = Automatic;
				CURRENT_PROJECT_VERSION = 1;
				DEVELOPMENT_TEAM = 438T7YBU9N;
				GENERATE_INFOPLIST_FILE = YES;
				MARKETING_VERSION = 1.0;
				PRODUCT_BUNDLE_IDENTIFIER = "e.mikhaylov.Calculator-iOSUITests";
				PRODUCT_NAME = "$(TARGET_NAME)";
				SWIFT_EMIT_LOC_STRINGS = NO;
				SWIFT_VERSION = 5.0;
				TARGETED_DEVICE_FAMILY = "1,2";
				TEST_TARGET_NAME = "Calculator iOS";
			};
			name = Debug;
		};
		DBBFF5572CE08B86006EBBD4 /* Release */ = {
			isa = XCBuildConfiguration;
			buildSettings = {
				CODE_SIGN_STYLE = Automatic;
				CURRENT_PROJECT_VERSION = 1;
				DEVELOPMENT_TEAM = 438T7YBU9N;
				GENERATE_INFOPLIST_FILE = YES;
				MARKETING_VERSION = 1.0;
				PRODUCT_BUNDLE_IDENTIFIER = "e.mikhaylov.Calculator-iOSUITests";
				PRODUCT_NAME = "$(TARGET_NAME)";
				SWIFT_EMIT_LOC_STRINGS = NO;
				SWIFT_VERSION = 5.0;
				TARGETED_DEVICE_FAMILY = "1,2";
				TEST_TARGET_NAME = "Calculator iOS";
			};
			name = Release;
		};
/* End XCBuildConfiguration section */

/* Begin XCConfigurationList section */
		DBBFF5262CE08B85006EBBD4 /* Build configuration list for PBXProject "Calculator iOS" */ = {
			isa = XCConfigurationList;
			buildConfigurations = (
				DBBFF54D2CE08B86006EBBD4 /* Debug */,
				DBBFF54E2CE08B86006EBBD4 /* Release */,
			);
			defaultConfigurationIsVisible = 0;
			defaultConfigurationName = Release;
		};
		DBBFF54F2CE08B86006EBBD4 /* Build configuration list for PBXNativeTarget "Calculator iOS" */ = {
			isa = XCConfigurationList;
			buildConfigurations = (
				DBBFF5502CE08B86006EBBD4 /* Debug */,
				DBBFF5512CE08B86006EBBD4 /* Release */,
			);
			defaultConfigurationIsVisible = 0;
			defaultConfigurationName = Release;
		};
		DBBFF5522CE08B86006EBBD4 /* Build configuration list for PBXNativeTarget "Calculator iOSTests" */ = {
			isa = XCConfigurationList;
			buildConfigurations = (
				DBBFF5532CE08B86006EBBD4 /* Debug */,
				DBBFF5542CE08B86006EBBD4 /* Release */,
			);
			defaultConfigurationIsVisible = 0;
			defaultConfigurationName = Release;
		};
		DBBFF5552CE08B86006EBBD4 /* Build configuration list for PBXNativeTarget "Calculator iOSUITests" */ = {
			isa = XCConfigurationList;
			buildConfigurations = (
				DBBFF5562CE08B86006EBBD4 /* Debug */,
				DBBFF5572CE08B86006EBBD4 /* Release */,
			);
			defaultConfigurationIsVisible = 0;
			defaultConfigurationName = Release;
		};
/* End XCConfigurationList section */
	};
	rootObject = DBBFF5232CE08B85006EBBD4 /* Project object */;
}
